// !$*UTF8*$!
{
	archiveVersion = 1;
	classes = {
	};
	objectVersion = 48;
	objects = {

/* Begin PBXBuildFile section */
		B76F1A480D47723AA244A5C6 /* libPods-A4IT.a in Frameworks */ = {isa = PBXBuildFile; fileRef = E62C46ACB8146FF8B726B8C2 /* libPods-A4IT.a */; };
		E17FD9610C9C5E7A9046D6C2 /* libPods-A4ITUITests.a in Frameworks */ = {isa = PBXBuildFile; fileRef = 029822FF2D8F1246BFC336DA /* libPods-A4ITUITests.a */; };
		F26508351F9254A3005B6CC7 /* AppDelegate.m in Sources */ = {isa = PBXBuildFile; fileRef = F26508341F9254A3005B6CC7 /* AppDelegate.m */; };
		F26508381F9254A3005B6CC7 /* ViewController.m in Sources */ = {isa = PBXBuildFile; fileRef = F26508371F9254A3005B6CC7 /* ViewController.m */; };
		F265083B1F9254A3005B6CC7 /* Main.storyboard in Resources */ = {isa = PBXBuildFile; fileRef = F26508391F9254A3005B6CC7 /* Main.storyboard */; };
		F265083D1F9254A3005B6CC7 /* Assets.xcassets in Resources */ = {isa = PBXBuildFile; fileRef = F265083C1F9254A3005B6CC7 /* Assets.xcassets */; };
		F26508401F9254A3005B6CC7 /* LaunchScreen.storyboard in Resources */ = {isa = PBXBuildFile; fileRef = F265083E1F9254A3005B6CC7 /* LaunchScreen.storyboard */; };
		F26508431F9254A3005B6CC7 /* main.m in Sources */ = {isa = PBXBuildFile; fileRef = F26508421F9254A3005B6CC7 /* main.m */; };
		F265084D1F9254A3005B6CC7 /* A4ITTests.m in Sources */ = {isa = PBXBuildFile; fileRef = F265084C1F9254A3005B6CC7 /* A4ITTests.m */; };
		F26508581F9254A3005B6CC7 /* A4ITUITests.m in Sources */ = {isa = PBXBuildFile; fileRef = F26508571F9254A3005B6CC7 /* A4ITUITests.m */; };
		F265086A1F9256C7005B6CC7 /* messageViewController.m in Sources */ = {isa = PBXBuildFile; fileRef = F26508691F9256C7005B6CC7 /* messageViewController.m */; };
		F26508701F9259AC005B6CC7 /* servicesViewController.m in Sources */ = {isa = PBXBuildFile; fileRef = F265086F1F9259AC005B6CC7 /* servicesViewController.m */; };
		F26508731F925CD5005B6CC7 /* WebKit.framework in Frameworks */ = {isa = PBXBuildFile; fileRef = F26508721F925CD5005B6CC7 /* WebKit.framework */; };
		F26508761F927157005B6CC7 /* contactViewController.m in Sources */ = {isa = PBXBuildFile; fileRef = F26508751F927157005B6CC7 /* contactViewController.m */; };
		F2E5C4EE1F98F72400161989 /* GoogleService-Info.plist in Resources */ = {isa = PBXBuildFile; fileRef = F2E5C4ED1F98F52100161989 /* GoogleService-Info.plist */; };
		F81BBA2D1420A49EDE870D61 /* libPods-A4ITTests.a in Frameworks */ = {isa = PBXBuildFile; fileRef = 7E7786A5638DDA2FFD3DF3A6 /* libPods-A4ITTests.a */; };
/* End PBXBuildFile section */

/* Begin PBXContainerItemProxy section */
		F26508491F9254A3005B6CC7 /* PBXContainerItemProxy */ = {
			isa = PBXContainerItemProxy;
			containerPortal = F26508281F9254A3005B6CC7 /* Project object */;
			proxyType = 1;
			remoteGlobalIDString = F265082F1F9254A3005B6CC7;
			remoteInfo = A4IT;
		};
		F26508541F9254A3005B6CC7 /* PBXContainerItemProxy */ = {
			isa = PBXContainerItemProxy;
			containerPortal = F26508281F9254A3005B6CC7 /* Project object */;
			proxyType = 1;
			remoteGlobalIDString = F265082F1F9254A3005B6CC7;
			remoteInfo = A4IT;
		};
/* End PBXContainerItemProxy section */

/* Begin PBXFileReference section */
		029822FF2D8F1246BFC336DA /* libPods-A4ITUITests.a */ = {isa = PBXFileReference; explicitFileType = archive.ar; includeInIndex = 0; path = "libPods-A4ITUITests.a"; sourceTree = BUILT_PRODUCTS_DIR; };
		0BD2F86460F40CF5CB1DADEC /* Pods-A4IT.debug.xcconfig */ = {isa = PBXFileReference; includeInIndex = 1; lastKnownFileType = text.xcconfig; name = "Pods-A4IT.debug.xcconfig"; path = "Pods/Target Support Files/Pods-A4IT/Pods-A4IT.debug.xcconfig"; sourceTree = "<group>"; };
		764005F713F6E2118FFA2636 /* Pods-A4ITTests.release.xcconfig */ = {isa = PBXFileReference; includeInIndex = 1; lastKnownFileType = text.xcconfig; name = "Pods-A4ITTests.release.xcconfig"; path = "Pods/Target Support Files/Pods-A4ITTests/Pods-A4ITTests.release.xcconfig"; sourceTree = "<group>"; };
		7E7786A5638DDA2FFD3DF3A6 /* libPods-A4ITTests.a */ = {isa = PBXFileReference; explicitFileType = archive.ar; includeInIndex = 0; path = "libPods-A4ITTests.a"; sourceTree = BUILT_PRODUCTS_DIR; };
		97A0A5780F4001D64ADA98A5 /* Pods-A4ITUITests.release.xcconfig */ = {isa = PBXFileReference; includeInIndex = 1; lastKnownFileType = text.xcconfig; name = "Pods-A4ITUITests.release.xcconfig"; path = "Pods/Target Support Files/Pods-A4ITUITests/Pods-A4ITUITests.release.xcconfig"; sourceTree = "<group>"; };
		C077EBEECA1950BD22E6CC7D /* Pods-A4ITUITests.debug.xcconfig */ = {isa = PBXFileReference; includeInIndex = 1; lastKnownFileType = text.xcconfig; name = "Pods-A4ITUITests.debug.xcconfig"; path = "Pods/Target Support Files/Pods-A4ITUITests/Pods-A4ITUITests.debug.xcconfig"; sourceTree = "<group>"; };
		C64E1845D8381ECB59FE072C /* Pods-A4IT.release.xcconfig */ = {isa = PBXFileReference; includeInIndex = 1; lastKnownFileType = text.xcconfig; name = "Pods-A4IT.release.xcconfig"; path = "Pods/Target Support Files/Pods-A4IT/Pods-A4IT.release.xcconfig"; sourceTree = "<group>"; };
		D408E7A7BAE786AEB91EE1DD /* Pods-A4ITTests.debug.xcconfig */ = {isa = PBXFileReference; includeInIndex = 1; lastKnownFileType = text.xcconfig; name = "Pods-A4ITTests.debug.xcconfig"; path = "Pods/Target Support Files/Pods-A4ITTests/Pods-A4ITTests.debug.xcconfig"; sourceTree = "<group>"; };
		E62C46ACB8146FF8B726B8C2 /* libPods-A4IT.a */ = {isa = PBXFileReference; explicitFileType = archive.ar; includeInIndex = 0; path = "libPods-A4IT.a"; sourceTree = BUILT_PRODUCTS_DIR; };
		F26508301F9254A3005B6CC7 /* A4IT.app */ = {isa = PBXFileReference; explicitFileType = wrapper.application; includeInIndex = 0; path = A4IT.app; sourceTree = BUILT_PRODUCTS_DIR; };
		F26508331F9254A3005B6CC7 /* AppDelegate.h */ = {isa = PBXFileReference; lastKnownFileType = sourcecode.c.h; path = AppDelegate.h; sourceTree = "<group>"; };
		F26508341F9254A3005B6CC7 /* AppDelegate.m */ = {isa = PBXFileReference; lastKnownFileType = sourcecode.c.objc; path = AppDelegate.m; sourceTree = "<group>"; };
		F26508361F9254A3005B6CC7 /* ViewController.h */ = {isa = PBXFileReference; lastKnownFileType = sourcecode.c.h; path = ViewController.h; sourceTree = "<group>"; };
		F26508371F9254A3005B6CC7 /* ViewController.m */ = {isa = PBXFileReference; lastKnownFileType = sourcecode.c.objc; path = ViewController.m; sourceTree = "<group>"; };
		F265083A1F9254A3005B6CC7 /* Base */ = {isa = PBXFileReference; lastKnownFileType = file.storyboard; name = Base; path = Base.lproj/Main.storyboard; sourceTree = "<group>"; };
		F265083C1F9254A3005B6CC7 /* Assets.xcassets */ = {isa = PBXFileReference; lastKnownFileType = folder.assetcatalog; path = Assets.xcassets; sourceTree = "<group>"; };
		F265083F1F9254A3005B6CC7 /* Base */ = {isa = PBXFileReference; lastKnownFileType = file.storyboard; name = Base; path = Base.lproj/LaunchScreen.storyboard; sourceTree = "<group>"; };
		F26508411F9254A3005B6CC7 /* Info.plist */ = {isa = PBXFileReference; lastKnownFileType = text.plist.xml; path = Info.plist; sourceTree = "<group>"; };
		F26508421F9254A3005B6CC7 /* main.m */ = {isa = PBXFileReference; lastKnownFileType = sourcecode.c.objc; path = main.m; sourceTree = "<group>"; };
		F26508481F9254A3005B6CC7 /* A4ITTests.xctest */ = {isa = PBXFileReference; explicitFileType = wrapper.cfbundle; includeInIndex = 0; path = A4ITTests.xctest; sourceTree = BUILT_PRODUCTS_DIR; };
		F265084C1F9254A3005B6CC7 /* A4ITTests.m */ = {isa = PBXFileReference; lastKnownFileType = sourcecode.c.objc; path = A4ITTests.m; sourceTree = "<group>"; };
		F265084E1F9254A3005B6CC7 /* Info.plist */ = {isa = PBXFileReference; lastKnownFileType = text.plist.xml; path = Info.plist; sourceTree = "<group>"; };
		F26508531F9254A3005B6CC7 /* A4ITUITests.xctest */ = {isa = PBXFileReference; explicitFileType = wrapper.cfbundle; includeInIndex = 0; path = A4ITUITests.xctest; sourceTree = BUILT_PRODUCTS_DIR; };
		F26508571F9254A3005B6CC7 /* A4ITUITests.m */ = {isa = PBXFileReference; lastKnownFileType = sourcecode.c.objc; path = A4ITUITests.m; sourceTree = "<group>"; };
		F26508591F9254A3005B6CC7 /* Info.plist */ = {isa = PBXFileReference; lastKnownFileType = text.plist.xml; path = Info.plist; sourceTree = "<group>"; };
		F26508681F9256C7005B6CC7 /* messageViewController.h */ = {isa = PBXFileReference; lastKnownFileType = sourcecode.c.h; path = messageViewController.h; sourceTree = "<group>"; };
		F26508691F9256C7005B6CC7 /* messageViewController.m */ = {isa = PBXFileReference; lastKnownFileType = sourcecode.c.objc; path = messageViewController.m; sourceTree = "<group>"; };
		F265086B1F925851005B6CC7 /* icon-authors@2x.png */ = {isa = PBXFileReference; lastKnownFileType = image.png; path = "icon-authors@2x.png"; sourceTree = "<group>"; };
		F265086C1F925851005B6CC7 /* icon-books@2x.png */ = {isa = PBXFileReference; lastKnownFileType = image.png; path = "icon-books@2x.png"; sourceTree = "<group>"; };
		F265086D1F925851005B6CC7 /* icon-cover@2x.png */ = {isa = PBXFileReference; lastKnownFileType = image.png; path = "icon-cover@2x.png"; sourceTree = "<group>"; };
		F265086E1F9259AC005B6CC7 /* servicesViewController.h */ = {isa = PBXFileReference; lastKnownFileType = sourcecode.c.h; path = servicesViewController.h; sourceTree = "<group>"; };
		F265086F1F9259AC005B6CC7 /* servicesViewController.m */ = {isa = PBXFileReference; lastKnownFileType = sourcecode.c.objc; path = servicesViewController.m; sourceTree = "<group>"; };
		F26508721F925CD5005B6CC7 /* WebKit.framework */ = {isa = PBXFileReference; lastKnownFileType = wrapper.framework; name = WebKit.framework; path = System/Library/Frameworks/WebKit.framework; sourceTree = SDKROOT; };
		F26508741F927157005B6CC7 /* contactViewController.h */ = {isa = PBXFileReference; lastKnownFileType = sourcecode.c.h; path = contactViewController.h; sourceTree = "<group>"; };
		F26508751F927157005B6CC7 /* contactViewController.m */ = {isa = PBXFileReference; lastKnownFileType = sourcecode.c.objc; path = contactViewController.m; sourceTree = "<group>"; };
		F2E5C4ED1F98F52100161989 /* GoogleService-Info.plist */ = {isa = PBXFileReference; lastKnownFileType = text.plist.xml; path = "GoogleService-Info.plist"; sourceTree = SOURCE_ROOT; };
/* End PBXFileReference section */

/* Begin PBXFrameworksBuildPhase section */
		F265082D1F9254A3005B6CC7 /* Frameworks */ = {
			isa = PBXFrameworksBuildPhase;
			buildActionMask = 2147483647;
			files = (
				F26508731F925CD5005B6CC7 /* WebKit.framework in Frameworks */,
				B76F1A480D47723AA244A5C6 /* libPods-A4IT.a in Frameworks */,
			);
			runOnlyForDeploymentPostprocessing = 0;
		};
		F26508451F9254A3005B6CC7 /* Frameworks */ = {
			isa = PBXFrameworksBuildPhase;
			buildActionMask = 2147483647;
			files = (
				F81BBA2D1420A49EDE870D61 /* libPods-A4ITTests.a in Frameworks */,
			);
			runOnlyForDeploymentPostprocessing = 0;
		};
		F26508501F9254A3005B6CC7 /* Frameworks */ = {
			isa = PBXFrameworksBuildPhase;
			buildActionMask = 2147483647;
			files = (
				E17FD9610C9C5E7A9046D6C2 /* libPods-A4ITUITests.a in Frameworks */,
			);
			runOnlyForDeploymentPostprocessing = 0;
		};
/* End PBXFrameworksBuildPhase section */

/* Begin PBXGroup section */
		738C59CAFB1923B2DBA047CA /* Pods */ = {
			isa = PBXGroup;
			children = (
				0BD2F86460F40CF5CB1DADEC /* Pods-A4IT.debug.xcconfig */,
				C64E1845D8381ECB59FE072C /* Pods-A4IT.release.xcconfig */,
				D408E7A7BAE786AEB91EE1DD /* Pods-A4ITTests.debug.xcconfig */,
				764005F713F6E2118FFA2636 /* Pods-A4ITTests.release.xcconfig */,
				C077EBEECA1950BD22E6CC7D /* Pods-A4ITUITests.debug.xcconfig */,
				97A0A5780F4001D64ADA98A5 /* Pods-A4ITUITests.release.xcconfig */,
			);
			name = Pods;
			sourceTree = "<group>";
		};
		F26508271F9254A3005B6CC7 = {
			isa = PBXGroup;
			children = (
				F26508321F9254A3005B6CC7 /* A4IT */,
				F265084B1F9254A3005B6CC7 /* A4ITTests */,
				F26508561F9254A3005B6CC7 /* A4ITUITests */,
				F26508311F9254A3005B6CC7 /* Products */,
				F26508711F925CD5005B6CC7 /* Frameworks */,
				738C59CAFB1923B2DBA047CA /* Pods */,
			);
			sourceTree = "<group>";
		};
		F26508311F9254A3005B6CC7 /* Products */ = {
			isa = PBXGroup;
			children = (
				F26508301F9254A3005B6CC7 /* A4IT.app */,
				F26508481F9254A3005B6CC7 /* A4ITTests.xctest */,
				F26508531F9254A3005B6CC7 /* A4ITUITests.xctest */,
			);
			name = Products;
			sourceTree = "<group>";
		};
		F26508321F9254A3005B6CC7 /* A4IT */ = {
			isa = PBXGroup;
			children = (
				F2E5C4ED1F98F52100161989 /* GoogleService-Info.plist */,
				F26508331F9254A3005B6CC7 /* AppDelegate.h */,
				F265086E1F9259AC005B6CC7 /* servicesViewController.h */,
				F265086F1F9259AC005B6CC7 /* servicesViewController.m */,
				F26508691F9256C7005B6CC7 /* messageViewController.m */,
				F26508681F9256C7005B6CC7 /* messageViewController.h */,
				F26508341F9254A3005B6CC7 /* AppDelegate.m */,
				F26508371F9254A3005B6CC7 /* ViewController.m */,
				F26508361F9254A3005B6CC7 /* ViewController.h */,
				F26508391F9254A3005B6CC7 /* Main.storyboard */,
				F265083C1F9254A3005B6CC7 /* Assets.xcassets */,
				F265083E1F9254A3005B6CC7 /* LaunchScreen.storyboard */,
				F26508411F9254A3005B6CC7 /* Info.plist */,
				F26508421F9254A3005B6CC7 /* main.m */,
				F265086B1F925851005B6CC7 /* icon-authors@2x.png */,
				F265086C1F925851005B6CC7 /* icon-books@2x.png */,
				F265086D1F925851005B6CC7 /* icon-cover@2x.png */,
				F26508741F927157005B6CC7 /* contactViewController.h */,
				F26508751F927157005B6CC7 /* contactViewController.m */,
			);
			path = A4IT;
			sourceTree = "<group>";
		};
		F265084B1F9254A3005B6CC7 /* A4ITTests */ = {
			isa = PBXGroup;
			children = (
				F265084C1F9254A3005B6CC7 /* A4ITTests.m */,
				F265084E1F9254A3005B6CC7 /* Info.plist */,
			);
			path = A4ITTests;
			sourceTree = "<group>";
		};
		F26508561F9254A3005B6CC7 /* A4ITUITests */ = {
			isa = PBXGroup;
			children = (
				F26508571F9254A3005B6CC7 /* A4ITUITests.m */,
				F26508591F9254A3005B6CC7 /* Info.plist */,
			);
			path = A4ITUITests;
			sourceTree = "<group>";
		};
		F26508711F925CD5005B6CC7 /* Frameworks */ = {
			isa = PBXGroup;
			children = (
				F26508721F925CD5005B6CC7 /* WebKit.framework */,
				E62C46ACB8146FF8B726B8C2 /* libPods-A4IT.a */,
				7E7786A5638DDA2FFD3DF3A6 /* libPods-A4ITTests.a */,
				029822FF2D8F1246BFC336DA /* libPods-A4ITUITests.a */,
			);
			name = Frameworks;
			sourceTree = "<group>";
		};
/* End PBXGroup section */

/* Begin PBXNativeTarget section */
		F265082F1F9254A3005B6CC7 /* A4IT */ = {
			isa = PBXNativeTarget;
			buildConfigurationList = F265085C1F9254A3005B6CC7 /* Build configuration list for PBXNativeTarget "A4IT" */;
			buildPhases = (
				AF5E1809960CFCE8D5F88EE3 /* [CP] Check Pods Manifest.lock */,
				F265082C1F9254A3005B6CC7 /* Sources */,
				F265082D1F9254A3005B6CC7 /* Frameworks */,
				F265082E1F9254A3005B6CC7 /* Resources */,
				1BD250516D66C799ED13496F /* [CP] Embed Pods Frameworks */,
				EBEB3E6F30B145B98CC51BA2 /* [CP] Copy Pods Resources */,
			);
			buildRules = (
			);
			dependencies = (
			);
			name = A4IT;
			productName = A4IT;
			productReference = F26508301F9254A3005B6CC7 /* A4IT.app */;
			productType = "com.apple.product-type.application";
		};
		F26508471F9254A3005B6CC7 /* A4ITTests */ = {
			isa = PBXNativeTarget;
			buildConfigurationList = F265085F1F9254A3005B6CC7 /* Build configuration list for PBXNativeTarget "A4ITTests" */;
			buildPhases = (
				3C3441536281832E1B5AE68E /* [CP] Check Pods Manifest.lock */,
				F26508441F9254A3005B6CC7 /* Sources */,
				F26508451F9254A3005B6CC7 /* Frameworks */,
				F26508461F9254A3005B6CC7 /* Resources */,
				A3F73BAD4760AB6603043951 /* [CP] Embed Pods Frameworks */,
				25782F444F41E6ECC25E22C5 /* [CP] Copy Pods Resources */,
			);
			buildRules = (
			);
			dependencies = (
				F265084A1F9254A3005B6CC7 /* PBXTargetDependency */,
			);
			name = A4ITTests;
			productName = A4ITTests;
			productReference = F26508481F9254A3005B6CC7 /* A4ITTests.xctest */;
			productType = "com.apple.product-type.bundle.unit-test";
		};
		F26508521F9254A3005B6CC7 /* A4ITUITests */ = {
			isa = PBXNativeTarget;
			buildConfigurationList = F26508621F9254A3005B6CC7 /* Build configuration list for PBXNativeTarget "A4ITUITests" */;
			buildPhases = (
				E938D16DC3E371AE42C8CDE4 /* [CP] Check Pods Manifest.lock */,
				F265084F1F9254A3005B6CC7 /* Sources */,
				F26508501F9254A3005B6CC7 /* Frameworks */,
				F26508511F9254A3005B6CC7 /* Resources */,
				B5B7678BEB5C891E78CD9339 /* [CP] Embed Pods Frameworks */,
				59500825A6B4CF50B8096EBA /* [CP] Copy Pods Resources */,
			);
			buildRules = (
			);
			dependencies = (
				F26508551F9254A3005B6CC7 /* PBXTargetDependency */,
			);
			name = A4ITUITests;
			productName = A4ITUITests;
			productReference = F26508531F9254A3005B6CC7 /* A4ITUITests.xctest */;
			productType = "com.apple.product-type.bundle.ui-testing";
		};
/* End PBXNativeTarget section */

/* Begin PBXProject section */
		F26508281F9254A3005B6CC7 /* Project object */ = {
			isa = PBXProject;
			attributes = {
				LastUpgradeCheck = 0900;
				ORGANIZATIONNAME = ecrubit;
				TargetAttributes = {
					F265082F1F9254A3005B6CC7 = {
						CreatedOnToolsVersion = 9.0;
						ProvisioningStyle = Automatic;
					};
					F26508471F9254A3005B6CC7 = {
						CreatedOnToolsVersion = 9.0;
						ProvisioningStyle = Automatic;
						TestTargetID = F265082F1F9254A3005B6CC7;
					};
					F26508521F9254A3005B6CC7 = {
						CreatedOnToolsVersion = 9.0;
						ProvisioningStyle = Automatic;
						TestTargetID = F265082F1F9254A3005B6CC7;
					};
				};
			};
			buildConfigurationList = F265082B1F9254A3005B6CC7 /* Build configuration list for PBXProject "A4IT" */;
			compatibilityVersion = "Xcode 8.0";
			developmentRegion = en;
			hasScannedForEncodings = 0;
			knownRegions = (
				en,
				Base,
			);
			mainGroup = F26508271F9254A3005B6CC7;
			productRefGroup = F26508311F9254A3005B6CC7 /* Products */;
			projectDirPath = "";
			projectRoot = "";
			targets = (
				F265082F1F9254A3005B6CC7 /* A4IT */,
				F26508471F9254A3005B6CC7 /* A4ITTests */,
				F26508521F9254A3005B6CC7 /* A4ITUITests */,
			);
		};
/* End PBXProject section */

/* Begin PBXResourcesBuildPhase section */
		F265082E1F9254A3005B6CC7 /* Resources */ = {
			isa = PBXResourcesBuildPhase;
			buildActionMask = 2147483647;
			files = (
				F26508401F9254A3005B6CC7 /* LaunchScreen.storyboard in Resources */,
				F2E5C4EE1F98F72400161989 /* GoogleService-Info.plist in Resources */,
				F265083D1F9254A3005B6CC7 /* Assets.xcassets in Resources */,
				F265083B1F9254A3005B6CC7 /* Main.storyboard in Resources */,
			);
			runOnlyForDeploymentPostprocessing = 0;
		};
		F26508461F9254A3005B6CC7 /* Resources */ = {
			isa = PBXResourcesBuildPhase;
			buildActionMask = 2147483647;
			files = (
			);
			runOnlyForDeploymentPostprocessing = 0;
		};
		F26508511F9254A3005B6CC7 /* Resources */ = {
			isa = PBXResourcesBuildPhase;
			buildActionMask = 2147483647;
			files = (
			);
			runOnlyForDeploymentPostprocessing = 0;
		};
/* End PBXResourcesBuildPhase section */

/* Begin PBXShellScriptBuildPhase section */
		1BD250516D66C799ED13496F /* [CP] Embed Pods Frameworks */ = {
			isa = PBXShellScriptBuildPhase;
			buildActionMask = 2147483647;
			files = (
			);
			inputPaths = (
			);
			name = "[CP] Embed Pods Frameworks";
			outputPaths = (
			);
			runOnlyForDeploymentPostprocessing = 0;
			shellPath = /bin/sh;
			shellScript = "\"${SRCROOT}/Pods/Target Support Files/Pods-A4IT/Pods-A4IT-frameworks.sh\"\n";
			showEnvVarsInLog = 0;
		};
		25782F444F41E6ECC25E22C5 /* [CP] Copy Pods Resources */ = {
			isa = PBXShellScriptBuildPhase;
			buildActionMask = 2147483647;
			files = (
			);
			inputPaths = (
			);
			name = "[CP] Copy Pods Resources";
			outputPaths = (
			);
			runOnlyForDeploymentPostprocessing = 0;
			shellPath = /bin/sh;
			shellScript = "\"${SRCROOT}/Pods/Target Support Files/Pods-A4ITTests/Pods-A4ITTests-resources.sh\"\n";
			showEnvVarsInLog = 0;
		};
		3C3441536281832E1B5AE68E /* [CP] Check Pods Manifest.lock */ = {
			isa = PBXShellScriptBuildPhase;
			buildActionMask = 2147483647;
			files = (
			);
			inputPaths = (
			);
			name = "[CP] Check Pods Manifest.lock";
			outputPaths = (
			);
			runOnlyForDeploymentPostprocessing = 0;
			shellPath = /bin/sh;
			shellScript = "diff \"${PODS_PODFILE_DIR_PATH}/Podfile.lock\" \"${PODS_ROOT}/Manifest.lock\" > /dev/null\nif [ $? != 0 ] ; then\n    # print error to STDERR\n    echo \"error: The sandbox is not in sync with the Podfile.lock. Run 'pod install' or update your CocoaPods installation.\" >&2\n    exit 1\nfi\n";
			showEnvVarsInLog = 0;
		};
		59500825A6B4CF50B8096EBA /* [CP] Copy Pods Resources */ = {
			isa = PBXShellScriptBuildPhase;
			buildActionMask = 2147483647;
			files = (
			);
			inputPaths = (
			);
			name = "[CP] Copy Pods Resources";
			outputPaths = (
			);
			runOnlyForDeploymentPostprocessing = 0;
			shellPath = /bin/sh;
			shellScript = "\"${SRCROOT}/Pods/Target Support Files/Pods-A4ITUITests/Pods-A4ITUITests-resources.sh\"\n";
			showEnvVarsInLog = 0;
		};
		A3F73BAD4760AB6603043951 /* [CP] Embed Pods Frameworks */ = {
			isa = PBXShellScriptBuildPhase;
			buildActionMask = 2147483647;
			files = (
			);
			inputPaths = (
			);
			name = "[CP] Embed Pods Frameworks";
			outputPaths = (
			);
			runOnlyForDeploymentPostprocessing = 0;
			shellPath = /bin/sh;
			shellScript = "\"${SRCROOT}/Pods/Target Support Files/Pods-A4ITTests/Pods-A4ITTests-frameworks.sh\"\n";
			showEnvVarsInLog = 0;
		};
		AF5E1809960CFCE8D5F88EE3 /* [CP] Check Pods Manifest.lock */ = {
			isa = PBXShellScriptBuildPhase;
			buildActionMask = 2147483647;
			files = (
			);
			inputPaths = (
			);
			name = "[CP] Check Pods Manifest.lock";
			outputPaths = (
			);
			runOnlyForDeploymentPostprocessing = 0;
			shellPath = /bin/sh;
			shellScript = "diff \"${PODS_PODFILE_DIR_PATH}/Podfile.lock\" \"${PODS_ROOT}/Manifest.lock\" > /dev/null\nif [ $? != 0 ] ; then\n    # print error to STDERR\n    echo \"error: The sandbox is not in sync with the Podfile.lock. Run 'pod install' or update your CocoaPods installation.\" >&2\n    exit 1\nfi\n";
			showEnvVarsInLog = 0;
		};
		B5B7678BEB5C891E78CD9339 /* [CP] Embed Pods Frameworks */ = {
			isa = PBXShellScriptBuildPhase;
			buildActionMask = 2147483647;
			files = (
			);
			inputPaths = (
			);
			name = "[CP] Embed Pods Frameworks";
			outputPaths = (
			);
			runOnlyForDeploymentPostprocessing = 0;
			shellPath = /bin/sh;
			shellScript = "\"${SRCROOT}/Pods/Target Support Files/Pods-A4ITUITests/Pods-A4ITUITests-frameworks.sh\"\n";
			showEnvVarsInLog = 0;
		};
		E938D16DC3E371AE42C8CDE4 /* [CP] Check Pods Manifest.lock */ = {
			isa = PBXShellScriptBuildPhase;
			buildActionMask = 2147483647;
			files = (
			);
			inputPaths = (
			);
			name = "[CP] Check Pods Manifest.lock";
			outputPaths = (
			);
			runOnlyForDeploymentPostprocessing = 0;
			shellPath = /bin/sh;
			shellScript = "diff \"${PODS_PODFILE_DIR_PATH}/Podfile.lock\" \"${PODS_ROOT}/Manifest.lock\" > /dev/null\nif [ $? != 0 ] ; then\n    # print error to STDERR\n    echo \"error: The sandbox is not in sync with the Podfile.lock. Run 'pod install' or update your CocoaPods installation.\" >&2\n    exit 1\nfi\n";
			showEnvVarsInLog = 0;
		};
		EBEB3E6F30B145B98CC51BA2 /* [CP] Copy Pods Resources */ = {
			isa = PBXShellScriptBuildPhase;
			buildActionMask = 2147483647;
			files = (
			);
			inputPaths = (
			);
			name = "[CP] Copy Pods Resources";
			outputPaths = (
			);
			runOnlyForDeploymentPostprocessing = 0;
			shellPath = /bin/sh;
			shellScript = "\"${SRCROOT}/Pods/Target Support Files/Pods-A4IT/Pods-A4IT-resources.sh\"\n";
			showEnvVarsInLog = 0;
		};
/* End PBXShellScriptBuildPhase section */

/* Begin PBXSourcesBuildPhase section */
		F265082C1F9254A3005B6CC7 /* Sources */ = {
			isa = PBXSourcesBuildPhase;
			buildActionMask = 2147483647;
			files = (
				F26508381F9254A3005B6CC7 /* ViewController.m in Sources */,
				F26508701F9259AC005B6CC7 /* servicesViewController.m in Sources */,
				F26508431F9254A3005B6CC7 /* main.m in Sources */,
				F26508761F927157005B6CC7 /* contactViewController.m in Sources */,
				F265086A1F9256C7005B6CC7 /* messageViewController.m in Sources */,
				F26508351F9254A3005B6CC7 /* AppDelegate.m in Sources */,
			);
			runOnlyForDeploymentPostprocessing = 0;
		};
		F26508441F9254A3005B6CC7 /* Sources */ = {
			isa = PBXSourcesBuildPhase;
			buildActionMask = 2147483647;
			files = (
				F265084D1F9254A3005B6CC7 /* A4ITTests.m in Sources */,
			);
			runOnlyForDeploymentPostprocessing = 0;
		};
		F265084F1F9254A3005B6CC7 /* Sources */ = {
			isa = PBXSourcesBuildPhase;
			buildActionMask = 2147483647;
			files = (
				F26508581F9254A3005B6CC7 /* A4ITUITests.m in Sources */,
			);
			runOnlyForDeploymentPostprocessing = 0;
		};
/* End PBXSourcesBuildPhase section */

/* Begin PBXTargetDependency section */
		F265084A1F9254A3005B6CC7 /* PBXTargetDependency */ = {
			isa = PBXTargetDependency;
			target = F265082F1F9254A3005B6CC7 /* A4IT */;
			targetProxy = F26508491F9254A3005B6CC7 /* PBXContainerItemProxy */;
		};
		F26508551F9254A3005B6CC7 /* PBXTargetDependency */ = {
			isa = PBXTargetDependency;
			target = F265082F1F9254A3005B6CC7 /* A4IT */;
			targetProxy = F26508541F9254A3005B6CC7 /* PBXContainerItemProxy */;
		};
/* End PBXTargetDependency section */

/* Begin PBXVariantGroup section */
		F26508391F9254A3005B6CC7 /* Main.storyboard */ = {
			isa = PBXVariantGroup;
			children = (
				F265083A1F9254A3005B6CC7 /* Base */,
			);
			name = Main.storyboard;
			sourceTree = "<group>";
		};
		F265083E1F9254A3005B6CC7 /* LaunchScreen.storyboard */ = {
			isa = PBXVariantGroup;
			children = (
				F265083F1F9254A3005B6CC7 /* Base */,
			);
			name = LaunchScreen.storyboard;
			sourceTree = "<group>";
		};
/* End PBXVariantGroup section */

/* Begin XCBuildConfiguration section */
		F265085A1F9254A3005B6CC7 /* Debug */ = {
			isa = XCBuildConfiguration;
			buildSettings = {
				ALWAYS_SEARCH_USER_PATHS = NO;
				CLANG_ANALYZER_NONNULL = YES;
				CLANG_ANALYZER_NUMBER_OBJECT_CONVERSION = YES_AGGRESSIVE;
				CLANG_CXX_LANGUAGE_STANDARD = "gnu++14";
				CLANG_CXX_LIBRARY = "libc++";
				CLANG_ENABLE_MODULES = YES;
				CLANG_ENABLE_OBJC_ARC = YES;
				CLANG_WARN_BLOCK_CAPTURE_AUTORELEASING = YES;
				CLANG_WARN_BOOL_CONVERSION = YES;
				CLANG_WARN_COMMA = YES;
				CLANG_WARN_CONSTANT_CONVERSION = YES;
				CLANG_WARN_DIRECT_OBJC_ISA_USAGE = YES_ERROR;
				CLANG_WARN_DOCUMENTATION_COMMENTS = YES;
				CLANG_WARN_EMPTY_BODY = YES;
				CLANG_WARN_ENUM_CONVERSION = YES;
				CLANG_WARN_INFINITE_RECURSION = YES;
				CLANG_WARN_INT_CONVERSION = YES;
				CLANG_WARN_NON_LITERAL_NULL_CONVERSION = YES;
				CLANG_WARN_OBJC_LITERAL_CONVERSION = YES;
				CLANG_WARN_OBJC_ROOT_CLASS = YES_ERROR;
				CLANG_WARN_RANGE_LOOP_ANALYSIS = YES;
				CLANG_WARN_STRICT_PROTOTYPES = YES;
				CLANG_WARN_SUSPICIOUS_MOVE = YES;
				CLANG_WARN_UNGUARDED_AVAILABILITY = YES_AGGRESSIVE;
				CLANG_WARN_UNREACHABLE_CODE = YES;
				CLANG_WARN__DUPLICATE_METHOD_MATCH = YES;
				CODE_SIGN_IDENTITY = "iPhone Developer";
				COPY_PHASE_STRIP = NO;
				DEBUG_INFORMATION_FORMAT = dwarf;
				ENABLE_STRICT_OBJC_MSGSEND = YES;
				ENABLE_TESTABILITY = YES;
				GCC_C_LANGUAGE_STANDARD = gnu11;
				GCC_DYNAMIC_NO_PIC = NO;
				GCC_NO_COMMON_BLOCKS = YES;
				GCC_OPTIMIZATION_LEVEL = 0;
				GCC_PREPROCESSOR_DEFINITIONS = (
					"DEBUG=1",
					"$(inherited)",
				);
				GCC_WARN_64_TO_32_BIT_CONVERSION = YES;
				GCC_WARN_ABOUT_RETURN_TYPE = YES_ERROR;
				GCC_WARN_UNDECLARED_SELECTOR = YES;
				GCC_WARN_UNINITIALIZED_AUTOS = YES_AGGRESSIVE;
				GCC_WARN_UNUSED_FUNCTION = YES;
				GCC_WARN_UNUSED_VARIABLE = YES;
				IPHONEOS_DEPLOYMENT_TARGET = 11.0;
				MTL_ENABLE_DEBUG_INFO = YES;
				ONLY_ACTIVE_ARCH = YES;
				SDKROOT = iphoneos;
			};
			name = Debug;
		};
		F265085B1F9254A3005B6CC7 /* Release */ = {
			isa = XCBuildConfiguration;
			buildSettings = {
				ALWAYS_SEARCH_USER_PATHS = NO;
				CLANG_ANALYZER_NONNULL = YES;
				CLANG_ANALYZER_NUMBER_OBJECT_CONVERSION = YES_AGGRESSIVE;
				CLANG_CXX_LANGUAGE_STANDARD = "gnu++14";
				CLANG_CXX_LIBRARY = "libc++";
				CLANG_ENABLE_MODULES = YES;
				CLANG_ENABLE_OBJC_ARC = YES;
				CLANG_WARN_BLOCK_CAPTURE_AUTORELEASING = YES;
				CLANG_WARN_BOOL_CONVERSION = YES;
				CLANG_WARN_COMMA = YES;
				CLANG_WARN_CONSTANT_CONVERSION = YES;
				CLANG_WARN_DIRECT_OBJC_ISA_USAGE = YES_ERROR;
				CLANG_WARN_DOCUMENTATION_COMMENTS = YES;
				CLANG_WARN_EMPTY_BODY = YES;
				CLANG_WARN_ENUM_CONVERSION = YES;
				CLANG_WARN_INFINITE_RECURSION = YES;
				CLANG_WARN_INT_CONVERSION = YES;
				CLANG_WARN_NON_LITERAL_NULL_CONVERSION = YES;
				CLANG_WARN_OBJC_LITERAL_CONVERSION = YES;
				CLANG_WARN_OBJC_ROOT_CLASS = YES_ERROR;
				CLANG_WARN_RANGE_LOOP_ANALYSIS = YES;
				CLANG_WARN_STRICT_PROTOTYPES = YES;
				CLANG_WARN_SUSPICIOUS_MOVE = YES;
				CLANG_WARN_UNGUARDED_AVAILABILITY = YES_AGGRESSIVE;
				CLANG_WARN_UNREACHABLE_CODE = YES;
				CLANG_WARN__DUPLICATE_METHOD_MATCH = YES;
				CODE_SIGN_IDENTITY = "iPhone Developer";
				COPY_PHASE_STRIP = NO;
				DEBUG_INFORMATION_FORMAT = "dwarf-with-dsym";
				ENABLE_NS_ASSERTIONS = NO;
				ENABLE_STRICT_OBJC_MSGSEND = YES;
				GCC_C_LANGUAGE_STANDARD = gnu11;
				GCC_NO_COMMON_BLOCKS = YES;
				GCC_WARN_64_TO_32_BIT_CONVERSION = YES;
				GCC_WARN_ABOUT_RETURN_TYPE = YES_ERROR;
				GCC_WARN_UNDECLARED_SELECTOR = YES;
				GCC_WARN_UNINITIALIZED_AUTOS = YES_AGGRESSIVE;
				GCC_WARN_UNUSED_FUNCTION = YES;
				GCC_WARN_UNUSED_VARIABLE = YES;
				IPHONEOS_DEPLOYMENT_TARGET = 11.0;
				MTL_ENABLE_DEBUG_INFO = NO;
				SDKROOT = iphoneos;
				VALIDATE_PRODUCT = YES;
			};
			name = Release;
		};
		F265085D1F9254A3005B6CC7 /* Debug */ = {
			isa = XCBuildConfiguration;
			baseConfigurationReference = 0BD2F86460F40CF5CB1DADEC /* Pods-A4IT.debug.xcconfig */;
			buildSettings = {
				ASSETCATALOG_COMPILER_APPICON_NAME = AppIcon;
				CODE_SIGN_STYLE = Automatic;
				INFOPLIST_FILE = A4IT/Info.plist;
				LD_RUNPATH_SEARCH_PATHS = "$(inherited) @executable_path/Frameworks";
				PRODUCT_BUNDLE_IDENTIFIER = uk.a4it.app;
				PRODUCT_NAME = "$(TARGET_NAME)";
				TARGETED_DEVICE_FAMILY = "1,2";
			};
			name = Debug;
		};
		F265085E1F9254A3005B6CC7 /* Release */ = {
			isa = XCBuildConfiguration;
			baseConfigurationReference = C64E1845D8381ECB59FE072C /* Pods-A4IT.release.xcconfig */;
			buildSettings = {
				ASSETCATALOG_COMPILER_APPICON_NAME = AppIcon;
				CODE_SIGN_STYLE = Automatic;
				INFOPLIST_FILE = A4IT/Info.plist;
				LD_RUNPATH_SEARCH_PATHS = "$(inherited) @executable_path/Frameworks";
				PRODUCT_BUNDLE_IDENTIFIER = uk.a4it.app;
				PRODUCT_NAME = "$(TARGET_NAME)";
				TARGETED_DEVICE_FAMILY = "1,2";
			};
			name = Release;
		};
		F26508601F9254A3005B6CC7 /* Debug */ = {
			isa = XCBuildConfiguration;
			baseConfigurationReference = D408E7A7BAE786AEB91EE1DD /* Pods-A4ITTests.debug.xcconfig */;
			buildSettings = {
				BUNDLE_LOADER = "$(TEST_HOST)";
				CODE_SIGN_STYLE = Automatic;
				INFOPLIST_FILE = A4ITTests/Info.plist;
				LD_RUNPATH_SEARCH_PATHS = "$(inherited) @executable_path/Frameworks @loader_path/Frameworks";
				PRODUCT_BUNDLE_IDENTIFIER = com.app.A4ITTests;
				PRODUCT_NAME = "$(TARGET_NAME)";
				TARGETED_DEVICE_FAMILY = "1,2";
				TEST_HOST = "$(BUILT_PRODUCTS_DIR)/A4IT.app/A4IT";
			};
			name = Debug;
		};
		F26508611F9254A3005B6CC7 /* Release */ = {
			isa = XCBuildConfiguration;
			baseConfigurationReference = 764005F713F6E2118FFA2636 /* Pods-A4ITTests.release.xcconfig */;
			buildSettings = {
				BUNDLE_LOADER = "$(TEST_HOST)";
				CODE_SIGN_STYLE = Automatic;
				INFOPLIST_FILE = A4ITTests/Info.plist;
				LD_RUNPATH_SEARCH_PATHS = "$(inherited) @executable_path/Frameworks @loader_path/Frameworks";
				PRODUCT_BUNDLE_IDENTIFIER = com.app.A4ITTests;
				PRODUCT_NAME = "$(TARGET_NAME)";
				TARGETED_DEVICE_FAMILY = "1,2";
				TEST_HOST = "$(BUILT_PRODUCTS_DIR)/A4IT.app/A4IT";
			};
			name = Release;
		};
		F26508631F9254A3005B6CC7 /* Debug */ = {
			isa = XCBuildConfiguration;
			baseConfigurationReference = C077EBEECA1950BD22E6CC7D /* Pods-A4ITUITests.debug.xcconfig */;
			buildSettings = {
				CODE_SIGN_STYLE = Automatic;
				INFOPLIST_FILE = A4ITUITests/Info.plist;
				LD_RUNPATH_SEARCH_PATHS = "$(inherited) @executable_path/Frameworks @loader_path/Frameworks";
				PRODUCT_BUNDLE_IDENTIFIER = com.app.A4ITUITests;
				PRODUCT_NAME = "$(TARGET_NAME)";
				TARGETED_DEVICE_FAMILY = "1,2";
				TEST_TARGET_NAME = A4IT;
			};
			name = Debug;
		};
		F26508641F9254A3005B6CC7 /* Release */ = {
			isa = XCBuildConfiguration;
			baseConfigurationReference = 97A0A5780F4001D64ADA98A5 /* Pods-A4ITUITests.release.xcconfig */;
			buildSettings = {
				CODE_SIGN_STYLE = Automatic;
				INFOPLIST_FILE = A4ITUITests/Info.plist;
				LD_RUNPATH_SEARCH_PATHS = "$(inherited) @executable_path/Frameworks @loader_path/Frameworks";
				PRODUCT_BUNDLE_IDENTIFIER = com.app.A4ITUITests;
				PRODUCT_NAME = "$(TARGET_NAME)";
				TARGETED_DEVICE_FAMILY = "1,2";
				TEST_TARGET_NAME = A4IT;
			};
			name = Release;
		};
/* End XCBuildConfiguration section */

/* Begin XCConfigurationList section */
		F265082B1F9254A3005B6CC7 /* Build configuration list for PBXProject "A4IT" */ = {
			isa = XCConfigurationList;
			buildConfigurations = (
				F265085A1F9254A3005B6CC7 /* Debug */,
				F265085B1F9254A3005B6CC7 /* Release */,
			);
			defaultConfigurationIsVisible = 0;
			defaultConfigurationName = Release;
		};
		F265085C1F9254A3005B6CC7 /* Build configuration list for PBXNativeTarget "A4IT" */ = {
			isa = XCConfigurationList;
			buildConfigurations = (
				F265085D1F9254A3005B6CC7 /* Debug */,
				F265085E1F9254A3005B6CC7 /* Release */,
			);
			defaultConfigurationIsVisible = 0;
			defaultConfigurationName = Release;
		};
		F265085F1F9254A3005B6CC7 /* Build configuration list for PBXNativeTarget "A4ITTests" */ = {
			isa = XCConfigurationList;
			buildConfigurations = (
				F26508601F9254A3005B6CC7 /* Debug */,
				F26508611F9254A3005B6CC7 /* Release */,
			);
			defaultConfigurationIsVisible = 0;
			defaultConfigurationName = Release;
		};
		F26508621F9254A3005B6CC7 /* Build configuration list for PBXNativeTarget "A4ITUITests" */ = {
			isa = XCConfigurationList;
			buildConfigurations = (
				F26508631F9254A3005B6CC7 /* Debug */,
				F26508641F9254A3005B6CC7 /* Release */,
			);
			defaultConfigurationIsVisible = 0;
			defaultConfigurationName = Release;
		};
/* End XCConfigurationList section */
	};
	rootObject = F26508281F9254A3005B6CC7 /* Project object */;
}
